
Microsoft Visual Studio Solution File, Format Version 12.00
# Visual Studio 2012
Project("{FAE04EC0-301F-11D3-BF4B-00C04F79EFBC}") = "MDM.Core", "MDM.Core\MDM.Core.csproj", "{CAC0933B-4282-4D7E-98B6-C6F0806F3830}"
EndProject
Project("{FAE04EC0-301F-11D3-BF4B-00C04F79EFBC}") = "MDM.Data.EF", "Data.EF\MDM.Data.EF.csproj", "{7A19CCF8-7DB6-41B3-92FC-5E9289844160}"
EndProject
Project("{FAE04EC0-301F-11D3-BF4B-00C04F79EFBC}") = "MDM.MappingService", "MappingService\MDM.MappingService.csproj", "{E24C551C-13F8-4B9C-87FA-C29550180401}"
EndProject
Project("{2150E333-8FDC-42A3-9474-1A3956D46DE8}") = "Testing", "Testing", "{A02C35D1-0AD2-459C-BEEF-EFF9F2663CAF}"
EndProject
Project("{FAE04EC0-301F-11D3-BF4B-00C04F79EFBC}") = "MDM.UnitTest", "UnitTest\MDM.UnitTest.csproj", "{41C19231-42C4-43AC-AEF6-C129FCCA173B}"
EndProject
Project("{FAE04EC0-301F-11D3-BF4B-00C04F79EFBC}") = "MDM.IntegrationTest", "IntegrationTest\MDM.IntegrationTest.csproj", "{0E93346A-0ABA-4ADA-B9A7-B3E29ECACC3F}"
EndProject
Project("{2150E333-8FDC-42A3-9474-1A3956D46DE8}") = "Solution Items", "Solution Items", "{2C4C54A8-4AD7-45D4-B688-52CF02EE1310}"
	ProjectSection(SolutionItems) = preProject
		Local.testsettings = Local.testsettings
		MDM.vsmdi = MDM.vsmdi
		TraceAndTestImpact.testsettings = TraceAndTestImpact.testsettings
		..\CodeGeneration\ValidatorGenerator.tt = ..\CodeGeneration\ValidatorGenerator.tt
		..\CodeGeneration\ValidatorScript.tt = ..\CodeGeneration\ValidatorScript.tt
		..\CodeGeneration\ValidatorTemplate.tt = ..\CodeGeneration\ValidatorTemplate.tt
		..\Schema\vnd.rwest.nexus+xml.xsd = ..\Schema\vnd.rwest.nexus+xml.xsd
	EndProjectSection
EndProject
Project("{FAE04EC0-301F-11D3-BF4B-00C04F79EFBC}") = "MDM.CodeGeneration", "MDM.CodeGeneration\MDM.CodeGeneration.csproj", "{48465E40-67BD-420D-A643-C44BE088FA2E}"
EndProject
Project("{2150E333-8FDC-42A3-9474-1A3956D46DE8}") = ".nuget", ".nuget", "{7FCC7106-2E9F-414C-9EAF-8B150C51ECCC}"
	ProjectSection(SolutionItems) = preProject
		.nuget\NuGet.Config = .nuget\NuGet.Config
		.nuget\NuGet.targets = .nuget\NuGet.targets
	EndProjectSection
EndProject
Project("{FAE04EC0-301F-11D3-BF4B-00C04F79EFBC}") = "MDM.Service.Unity", "MDM.Service.Unity\MDM.Service.Unity.csproj", "{A70C860C-383C-411C-9642-878B284B0924}"
EndProject
Project("{FAE04EC0-301F-11D3-BF4B-00C04F79EFBC}") = "MDM.MappingService2", "MDM.MappingService2\MDM.MappingService2.csproj", "{E7B3C9DB-D59C-4405-B016-6C8B7D0B7160}"
EndProject
Global
	GlobalSection(TestCaseManagementSettings) = postSolution
		CategoryFile = MDM.vsmdi
	EndGlobalSection
	GlobalSection(SolutionConfigurationPlatforms) = preSolution
		ChrisW|Any CPU = ChrisW|Any CPU
		ChrisW|Mixed Platforms = ChrisW|Mixed Platforms
		ChrisW|x86 = ChrisW|x86
		Debug|Any CPU = Debug|Any CPU
		Debug|Mixed Platforms = Debug|Mixed Platforms
		Debug|x86 = Debug|x86
		HarryT|Any CPU = HarryT|Any CPU
		HarryT|Mixed Platforms = HarryT|Mixed Platforms
		HarryT|x86 = HarryT|x86
		JoeF|Any CPU = JoeF|Any CPU
		JoeF|Mixed Platforms = JoeF|Mixed Platforms
		JoeF|x86 = JoeF|x86
		KevinW|Any CPU = KevinW|Any CPU
		KevinW|Mixed Platforms = KevinW|Mixed Platforms
		KevinW|x86 = KevinW|x86
		PaulH|Any CPU = PaulH|Any CPU
		PaulH|Mixed Platforms = PaulH|Mixed Platforms
		PaulH|x86 = PaulH|x86
		Release|Any CPU = Release|Any CPU
		Release|Mixed Platforms = Release|Mixed Platforms
		Release|x86 = Release|x86
		RobB|Any CPU = RobB|Any CPU
		RobB|Mixed Platforms = RobB|Mixed Platforms
		RobB|x86 = RobB|x86
		RobH|Any CPU = RobH|Any CPU
		RobH|Mixed Platforms = RobH|Mixed Platforms
		RobH|x86 = RobH|x86
	EndGlobalSection
	GlobalSection(ProjectConfigurationPlatforms) = postSolution
		{CAC0933B-4282-4D7E-98B6-C6F0806F3830}.ChrisW|Any CPU.ActiveCfg = Debug|Any CPU
		{CAC0933B-4282-4D7E-98B6-C6F0806F3830}.ChrisW|Any CPU.Build.0 = Debug|Any CPU
		{CAC0933B-4282-4D7E-98B6-C6F0806F3830}.ChrisW|Mixed Platforms.ActiveCfg = Debug|Any CPU
		{CAC0933B-4282-4D7E-98B6-C6F0806F3830}.ChrisW|Mixed Platforms.Build.0 = Debug|Any CPU
		{CAC0933B-4282-4D7E-98B6-C6F0806F3830}.ChrisW|x86.ActiveCfg = Debug|Any CPU
		{CAC0933B-4282-4D7E-98B6-C6F0806F3830}.Debug|Any CPU.ActiveCfg = Debug|Any CPU
		{CAC0933B-4282-4D7E-98B6-C6F0806F3830}.Debug|Any CPU.Build.0 = Debug|Any CPU
		{CAC0933B-4282-4D7E-98B6-C6F0806F3830}.Debug|Mixed Platforms.ActiveCfg = Debug|Any CPU
		{CAC0933B-4282-4D7E-98B6-C6F0806F3830}.Debug|Mixed Platforms.Build.0 = Debug|Any CPU
		{CAC0933B-4282-4D7E-98B6-C6F0806F3830}.Debug|x86.ActiveCfg = Debug|Any CPU
		{CAC0933B-4282-4D7E-98B6-C6F0806F3830}.HarryT|Any CPU.ActiveCfg = Debug|Any CPU
		{CAC0933B-4282-4D7E-98B6-C6F0806F3830}.HarryT|Any CPU.Build.0 = Debug|Any CPU
		{CAC0933B-4282-4D7E-98B6-C6F0806F3830}.HarryT|Mixed Platforms.ActiveCfg = Debug|Any CPU
		{CAC0933B-4282-4D7E-98B6-C6F0806F3830}.HarryT|Mixed Platforms.Build.0 = Debug|Any CPU
		{CAC0933B-4282-4D7E-98B6-C6F0806F3830}.HarryT|x86.ActiveCfg = Debug|Any CPU
		{CAC0933B-4282-4D7E-98B6-C6F0806F3830}.JoeF|Any CPU.ActiveCfg = Debug|Any CPU
		{CAC0933B-4282-4D7E-98B6-C6F0806F3830}.JoeF|Any CPU.Build.0 = Debug|Any CPU
		{CAC0933B-4282-4D7E-98B6-C6F0806F3830}.JoeF|Mixed Platforms.ActiveCfg = Debug|Any CPU
		{CAC0933B-4282-4D7E-98B6-C6F0806F3830}.JoeF|Mixed Platforms.Build.0 = Debug|Any CPU
		{CAC0933B-4282-4D7E-98B6-C6F0806F3830}.JoeF|x86.ActiveCfg = Debug|Any CPU
		{CAC0933B-4282-4D7E-98B6-C6F0806F3830}.KevinW|Any CPU.ActiveCfg = Debug|Any CPU
		{CAC0933B-4282-4D7E-98B6-C6F0806F3830}.KevinW|Any CPU.Build.0 = Debug|Any CPU
		{CAC0933B-4282-4D7E-98B6-C6F0806F3830}.KevinW|Mixed Platforms.ActiveCfg = Debug|Any CPU
		{CAC0933B-4282-4D7E-98B6-C6F0806F3830}.KevinW|Mixed Platforms.Build.0 = Debug|Any CPU
		{CAC0933B-4282-4D7E-98B6-C6F0806F3830}.KevinW|x86.ActiveCfg = Debug|Any CPU
		{CAC0933B-4282-4D7E-98B6-C6F0806F3830}.PaulH|Any CPU.ActiveCfg = Debug|Any CPU
		{CAC0933B-4282-4D7E-98B6-C6F0806F3830}.PaulH|Any CPU.Build.0 = Debug|Any CPU
		{CAC0933B-4282-4D7E-98B6-C6F0806F3830}.PaulH|Mixed Platforms.ActiveCfg = Debug|Any CPU
		{CAC0933B-4282-4D7E-98B6-C6F0806F3830}.PaulH|Mixed Platforms.Build.0 = Debug|Any CPU
		{CAC0933B-4282-4D7E-98B6-C6F0806F3830}.PaulH|x86.ActiveCfg = Debug|Any CPU
		{CAC0933B-4282-4D7E-98B6-C6F0806F3830}.Release|Any CPU.ActiveCfg = Release|Any CPU
		{CAC0933B-4282-4D7E-98B6-C6F0806F3830}.Release|Any CPU.Build.0 = Release|Any CPU
		{CAC0933B-4282-4D7E-98B6-C6F0806F3830}.Release|Mixed Platforms.ActiveCfg = Release|Any CPU
		{CAC0933B-4282-4D7E-98B6-C6F0806F3830}.Release|Mixed Platforms.Build.0 = Release|Any CPU
		{CAC0933B-4282-4D7E-98B6-C6F0806F3830}.Release|x86.ActiveCfg = Release|Any CPU
		{CAC0933B-4282-4D7E-98B6-C6F0806F3830}.RobB|Any CPU.ActiveCfg = Debug|Any CPU
		{CAC0933B-4282-4D7E-98B6-C6F0806F3830}.RobB|Any CPU.Build.0 = Debug|Any CPU
		{CAC0933B-4282-4D7E-98B6-C6F0806F3830}.RobB|Mixed Platforms.ActiveCfg = Debug|Any CPU
		{CAC0933B-4282-4D7E-98B6-C6F0806F3830}.RobB|Mixed Platforms.Build.0 = Debug|Any CPU
		{CAC0933B-4282-4D7E-98B6-C6F0806F3830}.RobB|x86.ActiveCfg = Debug|Any CPU
		{CAC0933B-4282-4D7E-98B6-C6F0806F3830}.RobH|Any CPU.ActiveCfg = Debug|Any CPU
		{CAC0933B-4282-4D7E-98B6-C6F0806F3830}.RobH|Any CPU.Build.0 = Debug|Any CPU
		{CAC0933B-4282-4D7E-98B6-C6F0806F3830}.RobH|Mixed Platforms.ActiveCfg = Debug|Any CPU
		{CAC0933B-4282-4D7E-98B6-C6F0806F3830}.RobH|Mixed Platforms.Build.0 = Debug|Any CPU
		{CAC0933B-4282-4D7E-98B6-C6F0806F3830}.RobH|x86.ActiveCfg = Debug|Any CPU
		{7A19CCF8-7DB6-41B3-92FC-5E9289844160}.ChrisW|Any CPU.ActiveCfg = Debug|Any CPU
		{7A19CCF8-7DB6-41B3-92FC-5E9289844160}.ChrisW|Any CPU.Build.0 = Debug|Any CPU
		{7A19CCF8-7DB6-41B3-92FC-5E9289844160}.ChrisW|Mixed Platforms.ActiveCfg = Debug|Any CPU
		{7A19CCF8-7DB6-41B3-92FC-5E9289844160}.ChrisW|Mixed Platforms.Build.0 = Debug|Any CPU
		{7A19CCF8-7DB6-41B3-92FC-5E9289844160}.ChrisW|x86.ActiveCfg = Debug|Any CPU
		{7A19CCF8-7DB6-41B3-92FC-5E9289844160}.Debug|Any CPU.ActiveCfg = Debug|Any CPU
		{7A19CCF8-7DB6-41B3-92FC-5E9289844160}.Debug|Any CPU.Build.0 = Debug|Any CPU
		{7A19CCF8-7DB6-41B3-92FC-5E9289844160}.Debug|Mixed Platforms.ActiveCfg = Debug|Any CPU
		{7A19CCF8-7DB6-41B3-92FC-5E9289844160}.Debug|Mixed Platforms.Build.0 = Debug|Any CPU
		{7A19CCF8-7DB6-41B3-92FC-5E9289844160}.Debug|x86.ActiveCfg = Debug|Any CPU
		{7A19CCF8-7DB6-41B3-92FC-5E9289844160}.HarryT|Any CPU.ActiveCfg = Debug|Any CPU
		{7A19CCF8-7DB6-41B3-92FC-5E9289844160}.HarryT|Any CPU.Build.0 = Debug|Any CPU
		{7A19CCF8-7DB6-41B3-92FC-5E9289844160}.HarryT|Mixed Platforms.ActiveCfg = Debug|Any CPU
		{7A19CCF8-7DB6-41B3-92FC-5E9289844160}.HarryT|Mixed Platforms.Build.0 = Debug|Any CPU
		{7A19CCF8-7DB6-41B3-92FC-5E9289844160}.HarryT|x86.ActiveCfg = Debug|Any CPU
		{7A19CCF8-7DB6-41B3-92FC-5E9289844160}.JoeF|Any CPU.ActiveCfg = Debug|Any CPU
		{7A19CCF8-7DB6-41B3-92FC-5E9289844160}.JoeF|Any CPU.Build.0 = Debug|Any CPU
		{7A19CCF8-7DB6-41B3-92FC-5E9289844160}.JoeF|Mixed Platforms.ActiveCfg = Debug|Any CPU
		{7A19CCF8-7DB6-41B3-92FC-5E9289844160}.JoeF|Mixed Platforms.Build.0 = Debug|Any CPU
		{7A19CCF8-7DB6-41B3-92FC-5E9289844160}.JoeF|x86.ActiveCfg = Debug|Any CPU
		{7A19CCF8-7DB6-41B3-92FC-5E9289844160}.KevinW|Any CPU.ActiveCfg = Debug|Any CPU
		{7A19CCF8-7DB6-41B3-92FC-5E9289844160}.KevinW|Any CPU.Build.0 = Debug|Any CPU
		{7A19CCF8-7DB6-41B3-92FC-5E9289844160}.KevinW|Mixed Platforms.ActiveCfg = Debug|Any CPU
		{7A19CCF8-7DB6-41B3-92FC-5E9289844160}.KevinW|Mixed Platforms.Build.0 = Debug|Any CPU
		{7A19CCF8-7DB6-41B3-92FC-5E9289844160}.KevinW|x86.ActiveCfg = Debug|Any CPU
		{7A19CCF8-7DB6-41B3-92FC-5E9289844160}.PaulH|Any CPU.ActiveCfg = Debug|Any CPU
		{7A19CCF8-7DB6-41B3-92FC-5E9289844160}.PaulH|Any CPU.Build.0 = Debug|Any CPU
		{7A19CCF8-7DB6-41B3-92FC-5E9289844160}.PaulH|Mixed Platforms.ActiveCfg = Debug|Any CPU
		{7A19CCF8-7DB6-41B3-92FC-5E9289844160}.PaulH|Mixed Platforms.Build.0 = Debug|Any CPU
		{7A19CCF8-7DB6-41B3-92FC-5E9289844160}.PaulH|x86.ActiveCfg = Debug|Any CPU
		{7A19CCF8-7DB6-41B3-92FC-5E9289844160}.Release|Any CPU.ActiveCfg = Release|Any CPU
		{7A19CCF8-7DB6-41B3-92FC-5E9289844160}.Release|Any CPU.Build.0 = Release|Any CPU
		{7A19CCF8-7DB6-41B3-92FC-5E9289844160}.Release|Mixed Platforms.ActiveCfg = Release|Any CPU
		{7A19CCF8-7DB6-41B3-92FC-5E9289844160}.Release|Mixed Platforms.Build.0 = Release|Any CPU
		{7A19CCF8-7DB6-41B3-92FC-5E9289844160}.Release|x86.ActiveCfg = Release|Any CPU
		{7A19CCF8-7DB6-41B3-92FC-5E9289844160}.RobB|Any CPU.ActiveCfg = Debug|Any CPU
		{7A19CCF8-7DB6-41B3-92FC-5E9289844160}.RobB|Any CPU.Build.0 = Debug|Any CPU
		{7A19CCF8-7DB6-41B3-92FC-5E9289844160}.RobB|Mixed Platforms.ActiveCfg = Debug|Any CPU
		{7A19CCF8-7DB6-41B3-92FC-5E9289844160}.RobB|Mixed Platforms.Build.0 = Debug|Any CPU
		{7A19CCF8-7DB6-41B3-92FC-5E9289844160}.RobB|x86.ActiveCfg = Debug|Any CPU
		{7A19CCF8-7DB6-41B3-92FC-5E9289844160}.RobH|Any CPU.ActiveCfg = Debug|Any CPU
		{7A19CCF8-7DB6-41B3-92FC-5E9289844160}.RobH|Any CPU.Build.0 = Debug|Any CPU
		{7A19CCF8-7DB6-41B3-92FC-5E9289844160}.RobH|Mixed Platforms.ActiveCfg = Debug|Any CPU
		{7A19CCF8-7DB6-41B3-92FC-5E9289844160}.RobH|Mixed Platforms.Build.0 = Debug|Any CPU
		{7A19CCF8-7DB6-41B3-92FC-5E9289844160}.RobH|x86.ActiveCfg = Debug|Any CPU
		{E24C551C-13F8-4B9C-87FA-C29550180401}.ChrisW|Any CPU.ActiveCfg = Debug|Any CPU
		{E24C551C-13F8-4B9C-87FA-C29550180401}.ChrisW|Any CPU.Build.0 = Debug|Any CPU
		{E24C551C-13F8-4B9C-87FA-C29550180401}.ChrisW|Mixed Platforms.ActiveCfg = Debug|Any CPU
		{E24C551C-13F8-4B9C-87FA-C29550180401}.ChrisW|Mixed Platforms.Build.0 = Debug|Any CPU
		{E24C551C-13F8-4B9C-87FA-C29550180401}.ChrisW|x86.ActiveCfg = Debug|Any CPU
		{E24C551C-13F8-4B9C-87FA-C29550180401}.Debug|Any CPU.ActiveCfg = Debug|Any CPU
		{E24C551C-13F8-4B9C-87FA-C29550180401}.Debug|Any CPU.Build.0 = Debug|Any CPU
		{E24C551C-13F8-4B9C-87FA-C29550180401}.Debug|Mixed Platforms.ActiveCfg = Debug|Any CPU
		{E24C551C-13F8-4B9C-87FA-C29550180401}.Debug|Mixed Platforms.Build.0 = Debug|Any CPU
		{E24C551C-13F8-4B9C-87FA-C29550180401}.Debug|x86.ActiveCfg = Debug|Any CPU
		{E24C551C-13F8-4B9C-87FA-C29550180401}.HarryT|Any CPU.ActiveCfg = Debug|Any CPU
		{E24C551C-13F8-4B9C-87FA-C29550180401}.HarryT|Any CPU.Build.0 = Debug|Any CPU
		{E24C551C-13F8-4B9C-87FA-C29550180401}.HarryT|Mixed Platforms.ActiveCfg = Debug|Any CPU
		{E24C551C-13F8-4B9C-87FA-C29550180401}.HarryT|Mixed Platforms.Build.0 = Debug|Any CPU
		{E24C551C-13F8-4B9C-87FA-C29550180401}.HarryT|x86.ActiveCfg = Debug|Any CPU
		{E24C551C-13F8-4B9C-87FA-C29550180401}.JoeF|Any CPU.ActiveCfg = Debug|Any CPU
		{E24C551C-13F8-4B9C-87FA-C29550180401}.JoeF|Any CPU.Build.0 = Debug|Any CPU
		{E24C551C-13F8-4B9C-87FA-C29550180401}.JoeF|Mixed Platforms.ActiveCfg = Debug|Any CPU
		{E24C551C-13F8-4B9C-87FA-C29550180401}.JoeF|Mixed Platforms.Build.0 = Debug|Any CPU
		{E24C551C-13F8-4B9C-87FA-C29550180401}.JoeF|x86.ActiveCfg = Debug|Any CPU
		{E24C551C-13F8-4B9C-87FA-C29550180401}.KevinW|Any CPU.ActiveCfg = Debug|Any CPU
		{E24C551C-13F8-4B9C-87FA-C29550180401}.KevinW|Any CPU.Build.0 = Debug|Any CPU
		{E24C551C-13F8-4B9C-87FA-C29550180401}.KevinW|Mixed Platforms.ActiveCfg = Debug|Any CPU
		{E24C551C-13F8-4B9C-87FA-C29550180401}.KevinW|Mixed Platforms.Build.0 = Debug|Any CPU
		{E24C551C-13F8-4B9C-87FA-C29550180401}.KevinW|x86.ActiveCfg = Debug|Any CPU
		{E24C551C-13F8-4B9C-87FA-C29550180401}.PaulH|Any CPU.ActiveCfg = Debug|Any CPU
		{E24C551C-13F8-4B9C-87FA-C29550180401}.PaulH|Any CPU.Build.0 = Debug|Any CPU
		{E24C551C-13F8-4B9C-87FA-C29550180401}.PaulH|Mixed Platforms.ActiveCfg = Debug|Any CPU
		{E24C551C-13F8-4B9C-87FA-C29550180401}.PaulH|Mixed Platforms.Build.0 = Debug|Any CPU
		{E24C551C-13F8-4B9C-87FA-C29550180401}.PaulH|x86.ActiveCfg = Debug|Any CPU
		{E24C551C-13F8-4B9C-87FA-C29550180401}.Release|Any CPU.ActiveCfg = Release|Any CPU
		{E24C551C-13F8-4B9C-87FA-C29550180401}.Release|Any CPU.Build.0 = Release|Any CPU
		{E24C551C-13F8-4B9C-87FA-C29550180401}.Release|Mixed Platforms.ActiveCfg = Release|Any CPU
		{E24C551C-13F8-4B9C-87FA-C29550180401}.Release|Mixed Platforms.Build.0 = Release|Any CPU
		{E24C551C-13F8-4B9C-87FA-C29550180401}.Release|x86.ActiveCfg = Release|Any CPU
		{E24C551C-13F8-4B9C-87FA-C29550180401}.RobB|Any CPU.ActiveCfg = Debug|Any CPU
		{E24C551C-13F8-4B9C-87FA-C29550180401}.RobB|Any CPU.Build.0 = Debug|Any CPU
		{E24C551C-13F8-4B9C-87FA-C29550180401}.RobB|Mixed Platforms.ActiveCfg = Debug|Any CPU
		{E24C551C-13F8-4B9C-87FA-C29550180401}.RobB|Mixed Platforms.Build.0 = Debug|Any CPU
		{E24C551C-13F8-4B9C-87FA-C29550180401}.RobB|x86.ActiveCfg = Debug|Any CPU
		{E24C551C-13F8-4B9C-87FA-C29550180401}.RobH|Any CPU.ActiveCfg = Debug|Any CPU
		{E24C551C-13F8-4B9C-87FA-C29550180401}.RobH|Any CPU.Build.0 = Debug|Any CPU
		{E24C551C-13F8-4B9C-87FA-C29550180401}.RobH|Mixed Platforms.ActiveCfg = Debug|Any CPU
		{E24C551C-13F8-4B9C-87FA-C29550180401}.RobH|Mixed Platforms.Build.0 = Debug|Any CPU
		{E24C551C-13F8-4B9C-87FA-C29550180401}.RobH|x86.ActiveCfg = Debug|Any CPU
		{41C19231-42C4-43AC-AEF6-C129FCCA173B}.ChrisW|Any CPU.ActiveCfg = Debug|Any CPU
		{41C19231-42C4-43AC-AEF6-C129FCCA173B}.ChrisW|Any CPU.Build.0 = Debug|Any CPU
		{41C19231-42C4-43AC-AEF6-C129FCCA173B}.ChrisW|Mixed Platforms.ActiveCfg = Debug|Any CPU
		{41C19231-42C4-43AC-AEF6-C129FCCA173B}.ChrisW|Mixed Platforms.Build.0 = Debug|Any CPU
		{41C19231-42C4-43AC-AEF6-C129FCCA173B}.ChrisW|x86.ActiveCfg = Debug|Any CPU
		{41C19231-42C4-43AC-AEF6-C129FCCA173B}.Debug|Any CPU.ActiveCfg = Debug|Any CPU
		{41C19231-42C4-43AC-AEF6-C129FCCA173B}.Debug|Any CPU.Build.0 = Debug|Any CPU
		{41C19231-42C4-43AC-AEF6-C129FCCA173B}.Debug|Mixed Platforms.ActiveCfg = Debug|Any CPU
		{41C19231-42C4-43AC-AEF6-C129FCCA173B}.Debug|Mixed Platforms.Build.0 = Debug|Any CPU
		{41C19231-42C4-43AC-AEF6-C129FCCA173B}.Debug|x86.ActiveCfg = Debug|Any CPU
		{41C19231-42C4-43AC-AEF6-C129FCCA173B}.HarryT|Any CPU.ActiveCfg = Debug|Any CPU
		{41C19231-42C4-43AC-AEF6-C129FCCA173B}.HarryT|Any CPU.Build.0 = Debug|Any CPU
		{41C19231-42C4-43AC-AEF6-C129FCCA173B}.HarryT|Mixed Platforms.ActiveCfg = Debug|Any CPU
		{41C19231-42C4-43AC-AEF6-C129FCCA173B}.HarryT|Mixed Platforms.Build.0 = Debug|Any CPU
		{41C19231-42C4-43AC-AEF6-C129FCCA173B}.HarryT|x86.ActiveCfg = Debug|Any CPU
		{41C19231-42C4-43AC-AEF6-C129FCCA173B}.JoeF|Any CPU.ActiveCfg = Debug|Any CPU
		{41C19231-42C4-43AC-AEF6-C129FCCA173B}.JoeF|Any CPU.Build.0 = Debug|Any CPU
		{41C19231-42C4-43AC-AEF6-C129FCCA173B}.JoeF|Mixed Platforms.ActiveCfg = Debug|Any CPU
		{41C19231-42C4-43AC-AEF6-C129FCCA173B}.JoeF|Mixed Platforms.Build.0 = Debug|Any CPU
		{41C19231-42C4-43AC-AEF6-C129FCCA173B}.JoeF|x86.ActiveCfg = Debug|Any CPU
		{41C19231-42C4-43AC-AEF6-C129FCCA173B}.KevinW|Any CPU.ActiveCfg = Debug|Any CPU
		{41C19231-42C4-43AC-AEF6-C129FCCA173B}.KevinW|Any CPU.Build.0 = Debug|Any CPU
		{41C19231-42C4-43AC-AEF6-C129FCCA173B}.KevinW|Mixed Platforms.ActiveCfg = Debug|Any CPU
		{41C19231-42C4-43AC-AEF6-C129FCCA173B}.KevinW|Mixed Platforms.Build.0 = Debug|Any CPU
		{41C19231-42C4-43AC-AEF6-C129FCCA173B}.KevinW|x86.ActiveCfg = Debug|Any CPU
		{41C19231-42C4-43AC-AEF6-C129FCCA173B}.PaulH|Any CPU.ActiveCfg = Debug|Any CPU
		{41C19231-42C4-43AC-AEF6-C129FCCA173B}.PaulH|Any CPU.Build.0 = Debug|Any CPU
		{41C19231-42C4-43AC-AEF6-C129FCCA173B}.PaulH|Mixed Platforms.ActiveCfg = Debug|Any CPU
		{41C19231-42C4-43AC-AEF6-C129FCCA173B}.PaulH|Mixed Platforms.Build.0 = Debug|Any CPU
		{41C19231-42C4-43AC-AEF6-C129FCCA173B}.PaulH|x86.ActiveCfg = Debug|Any CPU
		{41C19231-42C4-43AC-AEF6-C129FCCA173B}.Release|Any CPU.ActiveCfg = Release|Any CPU
		{41C19231-42C4-43AC-AEF6-C129FCCA173B}.Release|Any CPU.Build.0 = Release|Any CPU
		{41C19231-42C4-43AC-AEF6-C129FCCA173B}.Release|Mixed Platforms.ActiveCfg = Release|Any CPU
		{41C19231-42C4-43AC-AEF6-C129FCCA173B}.Release|Mixed Platforms.Build.0 = Release|Any CPU
		{41C19231-42C4-43AC-AEF6-C129FCCA173B}.Release|x86.ActiveCfg = Release|Any CPU
		{41C19231-42C4-43AC-AEF6-C129FCCA173B}.RobB|Any CPU.ActiveCfg = Debug|Any CPU
		{41C19231-42C4-43AC-AEF6-C129FCCA173B}.RobB|Any CPU.Build.0 = Debug|Any CPU
		{41C19231-42C4-43AC-AEF6-C129FCCA173B}.RobB|Mixed Platforms.ActiveCfg = Debug|Any CPU
		{41C19231-42C4-43AC-AEF6-C129FCCA173B}.RobB|Mixed Platforms.Build.0 = Debug|Any CPU
		{41C19231-42C4-43AC-AEF6-C129FCCA173B}.RobB|x86.ActiveCfg = Debug|Any CPU
		{41C19231-42C4-43AC-AEF6-C129FCCA173B}.RobH|Any CPU.ActiveCfg = Debug|Any CPU
		{41C19231-42C4-43AC-AEF6-C129FCCA173B}.RobH|Any CPU.Build.0 = Debug|Any CPU
		{41C19231-42C4-43AC-AEF6-C129FCCA173B}.RobH|Mixed Platforms.ActiveCfg = Debug|Any CPU
		{41C19231-42C4-43AC-AEF6-C129FCCA173B}.RobH|Mixed Platforms.Build.0 = Debug|Any CPU
		{41C19231-42C4-43AC-AEF6-C129FCCA173B}.RobH|x86.ActiveCfg = Debug|Any CPU
		{0E93346A-0ABA-4ADA-B9A7-B3E29ECACC3F}.ChrisW|Any CPU.ActiveCfg = Debug|Any CPU
		{0E93346A-0ABA-4ADA-B9A7-B3E29ECACC3F}.ChrisW|Any CPU.Build.0 = Debug|Any CPU
		{0E93346A-0ABA-4ADA-B9A7-B3E29ECACC3F}.ChrisW|Mixed Platforms.ActiveCfg = Debug|Any CPU
		{0E93346A-0ABA-4ADA-B9A7-B3E29ECACC3F}.ChrisW|Mixed Platforms.Build.0 = Debug|Any CPU
		{0E93346A-0ABA-4ADA-B9A7-B3E29ECACC3F}.ChrisW|x86.ActiveCfg = Debug|Any CPU
		{0E93346A-0ABA-4ADA-B9A7-B3E29ECACC3F}.Debug|Any CPU.ActiveCfg = Debug|Any CPU
		{0E93346A-0ABA-4ADA-B9A7-B3E29ECACC3F}.Debug|Any CPU.Build.0 = Debug|Any CPU
		{0E93346A-0ABA-4ADA-B9A7-B3E29ECACC3F}.Debug|Mixed Platforms.ActiveCfg = Debug|Any CPU
		{0E93346A-0ABA-4ADA-B9A7-B3E29ECACC3F}.Debug|Mixed Platforms.Build.0 = Debug|Any CPU
		{0E93346A-0ABA-4ADA-B9A7-B3E29ECACC3F}.Debug|x86.ActiveCfg = Debug|Any CPU
		{0E93346A-0ABA-4ADA-B9A7-B3E29ECACC3F}.HarryT|Any CPU.ActiveCfg = Debug|Any CPU
		{0E93346A-0ABA-4ADA-B9A7-B3E29ECACC3F}.HarryT|Any CPU.Build.0 = Debug|Any CPU
		{0E93346A-0ABA-4ADA-B9A7-B3E29ECACC3F}.HarryT|Mixed Platforms.ActiveCfg = Debug|Any CPU
		{0E93346A-0ABA-4ADA-B9A7-B3E29ECACC3F}.HarryT|Mixed Platforms.Build.0 = Debug|Any CPU
		{0E93346A-0ABA-4ADA-B9A7-B3E29ECACC3F}.HarryT|x86.ActiveCfg = Debug|Any CPU
		{0E93346A-0ABA-4ADA-B9A7-B3E29ECACC3F}.JoeF|Any CPU.ActiveCfg = Debug|Any CPU
		{0E93346A-0ABA-4ADA-B9A7-B3E29ECACC3F}.JoeF|Any CPU.Build.0 = Debug|Any CPU
		{0E93346A-0ABA-4ADA-B9A7-B3E29ECACC3F}.JoeF|Mixed Platforms.ActiveCfg = Debug|Any CPU
		{0E93346A-0ABA-4ADA-B9A7-B3E29ECACC3F}.JoeF|Mixed Platforms.Build.0 = Debug|Any CPU
		{0E93346A-0ABA-4ADA-B9A7-B3E29ECACC3F}.JoeF|x86.ActiveCfg = Debug|Any CPU
		{0E93346A-0ABA-4ADA-B9A7-B3E29ECACC3F}.KevinW|Any CPU.ActiveCfg = Debug|Any CPU
		{0E93346A-0ABA-4ADA-B9A7-B3E29ECACC3F}.KevinW|Any CPU.Build.0 = Debug|Any CPU
		{0E93346A-0ABA-4ADA-B9A7-B3E29ECACC3F}.KevinW|Mixed Platforms.ActiveCfg = Debug|Any CPU
		{0E93346A-0ABA-4ADA-B9A7-B3E29ECACC3F}.KevinW|Mixed Platforms.Build.0 = Debug|Any CPU
		{0E93346A-0ABA-4ADA-B9A7-B3E29ECACC3F}.KevinW|x86.ActiveCfg = Debug|Any CPU
		{0E93346A-0ABA-4ADA-B9A7-B3E29ECACC3F}.PaulH|Any CPU.ActiveCfg = Debug|Any CPU
		{0E93346A-0ABA-4ADA-B9A7-B3E29ECACC3F}.PaulH|Any CPU.Build.0 = Debug|Any CPU
		{0E93346A-0ABA-4ADA-B9A7-B3E29ECACC3F}.PaulH|Mixed Platforms.ActiveCfg = Debug|Any CPU
		{0E93346A-0ABA-4ADA-B9A7-B3E29ECACC3F}.PaulH|Mixed Platforms.Build.0 = Debug|Any CPU
		{0E93346A-0ABA-4ADA-B9A7-B3E29ECACC3F}.PaulH|x86.ActiveCfg = Debug|Any CPU
		{0E93346A-0ABA-4ADA-B9A7-B3E29ECACC3F}.Release|Any CPU.ActiveCfg = Release|Any CPU
		{0E93346A-0ABA-4ADA-B9A7-B3E29ECACC3F}.Release|Any CPU.Build.0 = Release|Any CPU
		{0E93346A-0ABA-4ADA-B9A7-B3E29ECACC3F}.Release|Mixed Platforms.ActiveCfg = Release|Any CPU
		{0E93346A-0ABA-4ADA-B9A7-B3E29ECACC3F}.Release|Mixed Platforms.Build.0 = Release|Any CPU
		{0E93346A-0ABA-4ADA-B9A7-B3E29ECACC3F}.Release|x86.ActiveCfg = Release|Any CPU
		{0E93346A-0ABA-4ADA-B9A7-B3E29ECACC3F}.RobB|Any CPU.ActiveCfg = Debug|Any CPU
		{0E93346A-0ABA-4ADA-B9A7-B3E29ECACC3F}.RobB|Any CPU.Build.0 = Debug|Any CPU
		{0E93346A-0ABA-4ADA-B9A7-B3E29ECACC3F}.RobB|Mixed Platforms.ActiveCfg = Debug|Any CPU
		{0E93346A-0ABA-4ADA-B9A7-B3E29ECACC3F}.RobB|Mixed Platforms.Build.0 = Debug|Any CPU
		{0E93346A-0ABA-4ADA-B9A7-B3E29ECACC3F}.RobB|x86.ActiveCfg = Debug|Any CPU
		{0E93346A-0ABA-4ADA-B9A7-B3E29ECACC3F}.RobH|Any CPU.ActiveCfg = Debug|Any CPU
		{0E93346A-0ABA-4ADA-B9A7-B3E29ECACC3F}.RobH|Any CPU.Build.0 = Debug|Any CPU
		{0E93346A-0ABA-4ADA-B9A7-B3E29ECACC3F}.RobH|Mixed Platforms.ActiveCfg = Debug|Any CPU
		{0E93346A-0ABA-4ADA-B9A7-B3E29ECACC3F}.RobH|Mixed Platforms.Build.0 = Debug|Any CPU
		{0E93346A-0ABA-4ADA-B9A7-B3E29ECACC3F}.RobH|x86.ActiveCfg = Debug|Any CPU
		{48465E40-67BD-420D-A643-C44BE088FA2E}.ChrisW|Any CPU.ActiveCfg = Debug|Any CPU
		{48465E40-67BD-420D-A643-C44BE088FA2E}.ChrisW|Any CPU.Build.0 = Debug|Any CPU
		{48465E40-67BD-420D-A643-C44BE088FA2E}.ChrisW|Mixed Platforms.ActiveCfg = Debug|Any CPU
		{48465E40-67BD-420D-A643-C44BE088FA2E}.ChrisW|x86.ActiveCfg = Debug|Any CPU
		{48465E40-67BD-420D-A643-C44BE088FA2E}.Debug|Any CPU.ActiveCfg = Debug|Any CPU
		{48465E40-67BD-420D-A643-C44BE088FA2E}.Debug|Any CPU.Build.0 = Debug|Any CPU
		{48465E40-67BD-420D-A643-C44BE088FA2E}.Debug|Mixed Platforms.ActiveCfg = Debug|Any CPU
		{48465E40-67BD-420D-A643-C44BE088FA2E}.Debug|x86.ActiveCfg = Debug|Any CPU
		{48465E40-67BD-420D-A643-C44BE088FA2E}.HarryT|Any CPU.ActiveCfg = Debug|Any CPU
		{48465E40-67BD-420D-A643-C44BE088FA2E}.HarryT|Any CPU.Build.0 = Debug|Any CPU
		{48465E40-67BD-420D-A643-C44BE088FA2E}.HarryT|Mixed Platforms.ActiveCfg = Debug|Any CPU
		{48465E40-67BD-420D-A643-C44BE088FA2E}.HarryT|x86.ActiveCfg = Debug|Any CPU
		{48465E40-67BD-420D-A643-C44BE088FA2E}.JoeF|Any CPU.ActiveCfg = Debug|Any CPU
		{48465E40-67BD-420D-A643-C44BE088FA2E}.JoeF|Any CPU.Build.0 = Debug|Any CPU
		{48465E40-67BD-420D-A643-C44BE088FA2E}.JoeF|Mixed Platforms.ActiveCfg = Debug|Any CPU
		{48465E40-67BD-420D-A643-C44BE088FA2E}.JoeF|x86.ActiveCfg = Debug|Any CPU
		{48465E40-67BD-420D-A643-C44BE088FA2E}.KevinW|Any CPU.ActiveCfg = Debug|Any CPU
		{48465E40-67BD-420D-A643-C44BE088FA2E}.KevinW|Any CPU.Build.0 = Debug|Any CPU
		{48465E40-67BD-420D-A643-C44BE088FA2E}.KevinW|Mixed Platforms.ActiveCfg = Debug|Any CPU
		{48465E40-67BD-420D-A643-C44BE088FA2E}.KevinW|x86.ActiveCfg = Debug|Any CPU
		{48465E40-67BD-420D-A643-C44BE088FA2E}.PaulH|Any CPU.ActiveCfg = Debug|Any CPU
		{48465E40-67BD-420D-A643-C44BE088FA2E}.PaulH|Any CPU.Build.0 = Debug|Any CPU
		{48465E40-67BD-420D-A643-C44BE088FA2E}.PaulH|Mixed Platforms.ActiveCfg = Debug|Any CPU
		{48465E40-67BD-420D-A643-C44BE088FA2E}.PaulH|x86.ActiveCfg = Debug|Any CPU
		{48465E40-67BD-420D-A643-C44BE088FA2E}.Release|Any CPU.ActiveCfg = Release|Any CPU
		{48465E40-67BD-420D-A643-C44BE088FA2E}.Release|Any CPU.Build.0 = Release|Any CPU
		{48465E40-67BD-420D-A643-C44BE088FA2E}.Release|Mixed Platforms.ActiveCfg = Release|Any CPU
		{48465E40-67BD-420D-A643-C44BE088FA2E}.Release|Mixed Platforms.Build.0 = Release|Any CPU
		{48465E40-67BD-420D-A643-C44BE088FA2E}.Release|x86.ActiveCfg = Release|Any CPU
		{48465E40-67BD-420D-A643-C44BE088FA2E}.RobB|Any CPU.ActiveCfg = Debug|Any CPU
		{48465E40-67BD-420D-A643-C44BE088FA2E}.RobB|Any CPU.Build.0 = Debug|Any CPU
		{48465E40-67BD-420D-A643-C44BE088FA2E}.RobB|Mixed Platforms.ActiveCfg = Debug|Any CPU
		{48465E40-67BD-420D-A643-C44BE088FA2E}.RobB|x86.ActiveCfg = Debug|Any CPU
		{48465E40-67BD-420D-A643-C44BE088FA2E}.RobH|Any CPU.ActiveCfg = Debug|Any CPU
		{48465E40-67BD-420D-A643-C44BE088FA2E}.RobH|Any CPU.Build.0 = Debug|Any CPU
		{48465E40-67BD-420D-A643-C44BE088FA2E}.RobH|Mixed Platforms.ActiveCfg = Debug|Any CPU
		{48465E40-67BD-420D-A643-C44BE088FA2E}.RobH|x86.ActiveCfg = Debug|Any CPU
		{A70C860C-383C-411C-9642-878B284B0924}.ChrisW|Any CPU.ActiveCfg = Release|Any CPU
		{A70C860C-383C-411C-9642-878B284B0924}.ChrisW|Any CPU.Build.0 = Release|Any CPU
		{A70C860C-383C-411C-9642-878B284B0924}.ChrisW|Mixed Platforms.ActiveCfg = Release|Any CPU
		{A70C860C-383C-411C-9642-878B284B0924}.ChrisW|Mixed Platforms.Build.0 = Release|Any CPU
		{A70C860C-383C-411C-9642-878B284B0924}.ChrisW|x86.ActiveCfg = Release|Any CPU
		{A70C860C-383C-411C-9642-878B284B0924}.Debug|Any CPU.ActiveCfg = Debug|Any CPU
		{A70C860C-383C-411C-9642-878B284B0924}.Debug|Any CPU.Build.0 = Debug|Any CPU
		{A70C860C-383C-411C-9642-878B284B0924}.Debug|Mixed Platforms.ActiveCfg = Debug|Any CPU
		{A70C860C-383C-411C-9642-878B284B0924}.Debug|Mixed Platforms.Build.0 = Debug|Any CPU
		{A70C860C-383C-411C-9642-878B284B0924}.Debug|x86.ActiveCfg = Debug|Any CPU
		{A70C860C-383C-411C-9642-878B284B0924}.HarryT|Any CPU.ActiveCfg = Release|Any CPU
		{A70C860C-383C-411C-9642-878B284B0924}.HarryT|Any CPU.Build.0 = Release|Any CPU
		{A70C860C-383C-411C-9642-878B284B0924}.HarryT|Mixed Platforms.ActiveCfg = Release|Any CPU
		{A70C860C-383C-411C-9642-878B284B0924}.HarryT|Mixed Platforms.Build.0 = Release|Any CPU
		{A70C860C-383C-411C-9642-878B284B0924}.HarryT|x86.ActiveCfg = Release|Any CPU
		{A70C860C-383C-411C-9642-878B284B0924}.JoeF|Any CPU.ActiveCfg = Release|Any CPU
		{A70C860C-383C-411C-9642-878B284B0924}.JoeF|Any CPU.Build.0 = Release|Any CPU
		{A70C860C-383C-411C-9642-878B284B0924}.JoeF|Mixed Platforms.ActiveCfg = Release|Any CPU
		{A70C860C-383C-411C-9642-878B284B0924}.JoeF|Mixed Platforms.Build.0 = Release|Any CPU
		{A70C860C-383C-411C-9642-878B284B0924}.JoeF|x86.ActiveCfg = Release|Any CPU
		{A70C860C-383C-411C-9642-878B284B0924}.KevinW|Any CPU.ActiveCfg = Release|Any CPU
		{A70C860C-383C-411C-9642-878B284B0924}.KevinW|Any CPU.Build.0 = Release|Any CPU
		{A70C860C-383C-411C-9642-878B284B0924}.KevinW|Mixed Platforms.ActiveCfg = Release|Any CPU
		{A70C860C-383C-411C-9642-878B284B0924}.KevinW|Mixed Platforms.Build.0 = Release|Any CPU
		{A70C860C-383C-411C-9642-878B284B0924}.KevinW|x86.ActiveCfg = Release|Any CPU
		{A70C860C-383C-411C-9642-878B284B0924}.PaulH|Any CPU.ActiveCfg = Release|Any CPU
		{A70C860C-383C-411C-9642-878B284B0924}.PaulH|Any CPU.Build.0 = Release|Any CPU
		{A70C860C-383C-411C-9642-878B284B0924}.PaulH|Mixed Platforms.ActiveCfg = Release|Any CPU
		{A70C860C-383C-411C-9642-878B284B0924}.PaulH|Mixed Platforms.Build.0 = Release|Any CPU
		{A70C860C-383C-411C-9642-878B284B0924}.PaulH|x86.ActiveCfg = Release|Any CPU
		{A70C860C-383C-411C-9642-878B284B0924}.Release|Any CPU.ActiveCfg = Release|Any CPU
		{A70C860C-383C-411C-9642-878B284B0924}.Release|Any CPU.Build.0 = Release|Any CPU
		{A70C860C-383C-411C-9642-878B284B0924}.Release|Mixed Platforms.ActiveCfg = Release|Any CPU
		{A70C860C-383C-411C-9642-878B284B0924}.Release|Mixed Platforms.Build.0 = Release|Any CPU
		{A70C860C-383C-411C-9642-878B284B0924}.Release|x86.ActiveCfg = Release|Any CPU
		{A70C860C-383C-411C-9642-878B284B0924}.RobB|Any CPU.ActiveCfg = Release|Any CPU
		{A70C860C-383C-411C-9642-878B284B0924}.RobB|Any CPU.Build.0 = Release|Any CPU
		{A70C860C-383C-411C-9642-878B284B0924}.RobB|Mixed Platforms.ActiveCfg = Release|Any CPU
		{A70C860C-383C-411C-9642-878B284B0924}.RobB|Mixed Platforms.Build.0 = Release|Any CPU
		{A70C860C-383C-411C-9642-878B284B0924}.RobB|x86.ActiveCfg = Release|Any CPU
		{A70C860C-383C-411C-9642-878B284B0924}.RobH|Any CPU.ActiveCfg = Release|Any CPU
		{A70C860C-383C-411C-9642-878B284B0924}.RobH|Any CPU.Build.0 = Release|Any CPU
		{A70C860C-383C-411C-9642-878B284B0924}.RobH|Mixed Platforms.ActiveCfg = Release|Any CPU
		{A70C860C-383C-411C-9642-878B284B0924}.RobH|Mixed Platforms.Build.0 = Release|Any CPU
		{A70C860C-383C-411C-9642-878B284B0924}.RobH|x86.ActiveCfg = Release|Any CPU
		{E7B3C9DB-D59C-4405-B016-6C8B7D0B7160}.ChrisW|Any CPU.ActiveCfg = Release|Any CPU
		{E7B3C9DB-D59C-4405-B016-6C8B7D0B7160}.ChrisW|Any CPU.Build.0 = Release|Any CPU
		{E7B3C9DB-D59C-4405-B016-6C8B7D0B7160}.ChrisW|Mixed Platforms.ActiveCfg = Release|Any CPU
		{E7B3C9DB-D59C-4405-B016-6C8B7D0B7160}.ChrisW|Mixed Platforms.Build.0 = Release|Any CPU
		{E7B3C9DB-D59C-4405-B016-6C8B7D0B7160}.ChrisW|x86.ActiveCfg = Release|Any CPU
		{E7B3C9DB-D59C-4405-B016-6C8B7D0B7160}.Debug|Any CPU.ActiveCfg = Debug|Any CPU
		{E7B3C9DB-D59C-4405-B016-6C8B7D0B7160}.Debug|Any CPU.Build.0 = Debug|Any CPU
		{E7B3C9DB-D59C-4405-B016-6C8B7D0B7160}.Debug|Mixed Platforms.ActiveCfg = Debug|Any CPU
		{E7B3C9DB-D59C-4405-B016-6C8B7D0B7160}.Debug|Mixed Platforms.Build.0 = Debug|Any CPU
		{E7B3C9DB-D59C-4405-B016-6C8B7D0B7160}.Debug|x86.ActiveCfg = Debug|Any CPU
		{E7B3C9DB-D59C-4405-B016-6C8B7D0B7160}.HarryT|Any CPU.ActiveCfg = Release|Any CPU
		{E7B3C9DB-D59C-4405-B016-6C8B7D0B7160}.HarryT|Any CPU.Build.0 = Release|Any CPU
		{E7B3C9DB-D59C-4405-B016-6C8B7D0B7160}.HarryT|Mixed Platforms.ActiveCfg = Release|Any CPU
		{E7B3C9DB-D59C-4405-B016-6C8B7D0B7160}.HarryT|Mixed Platforms.Build.0 = Release|Any CPU
		{E7B3C9DB-D59C-4405-B016-6C8B7D0B7160}.HarryT|x86.ActiveCfg = Release|Any CPU
		{E7B3C9DB-D59C-4405-B016-6C8B7D0B7160}.JoeF|Any CPU.ActiveCfg = Release|Any CPU
		{E7B3C9DB-D59C-4405-B016-6C8B7D0B7160}.JoeF|Any CPU.Build.0 = Release|Any CPU
		{E7B3C9DB-D59C-4405-B016-6C8B7D0B7160}.JoeF|Mixed Platforms.ActiveCfg = Release|Any CPU
		{E7B3C9DB-D59C-4405-B016-6C8B7D0B7160}.JoeF|Mixed Platforms.Build.0 = Release|Any CPU
		{E7B3C9DB-D59C-4405-B016-6C8B7D0B7160}.JoeF|x86.ActiveCfg = Release|Any CPU
		{E7B3C9DB-D59C-4405-B016-6C8B7D0B7160}.KevinW|Any CPU.ActiveCfg = Release|Any CPU
		{E7B3C9DB-D59C-4405-B016-6C8B7D0B7160}.KevinW|Any CPU.Build.0 = Release|Any CPU
		{E7B3C9DB-D59C-4405-B016-6C8B7D0B7160}.KevinW|Mixed Platforms.ActiveCfg = Release|Any CPU
		{E7B3C9DB-D59C-4405-B016-6C8B7D0B7160}.KevinW|Mixed Platforms.Build.0 = Release|Any CPU
		{E7B3C9DB-D59C-4405-B016-6C8B7D0B7160}.KevinW|x86.ActiveCfg = Release|Any CPU
		{E7B3C9DB-D59C-4405-B016-6C8B7D0B7160}.PaulH|Any CPU.ActiveCfg = Release|Any CPU
		{E7B3C9DB-D59C-4405-B016-6C8B7D0B7160}.PaulH|Any CPU.Build.0 = Release|Any CPU
		{E7B3C9DB-D59C-4405-B016-6C8B7D0B7160}.PaulH|Mixed Platforms.ActiveCfg = Release|Any CPU
		{E7B3C9DB-D59C-4405-B016-6C8B7D0B7160}.PaulH|Mixed Platforms.Build.0 = Release|Any CPU
		{E7B3C9DB-D59C-4405-B016-6C8B7D0B7160}.PaulH|x86.ActiveCfg = Release|Any CPU
		{E7B3C9DB-D59C-4405-B016-6C8B7D0B7160}.Release|Any CPU.ActiveCfg = Release|Any CPU
		{E7B3C9DB-D59C-4405-B016-6C8B7D0B7160}.Release|Any CPU.Build.0 = Release|Any CPU
		{E7B3C9DB-D59C-4405-B016-6C8B7D0B7160}.Release|Mixed Platforms.ActiveCfg = Release|Any CPU
		{E7B3C9DB-D59C-4405-B016-6C8B7D0B7160}.Release|Mixed Platforms.Build.0 = Release|Any CPU
		{E7B3C9DB-D59C-4405-B016-6C8B7D0B7160}.Release|x86.ActiveCfg = Release|Any CPU
		{E7B3C9DB-D59C-4405-B016-6C8B7D0B7160}.RobB|Any CPU.ActiveCfg = Release|Any CPU
		{E7B3C9DB-D59C-4405-B016-6C8B7D0B7160}.RobB|Any CPU.Build.0 = Release|Any CPU
		{E7B3C9DB-D59C-4405-B016-6C8B7D0B7160}.RobB|Mixed Platforms.ActiveCfg = Release|Any CPU
		{E7B3C9DB-D59C-4405-B016-6C8B7D0B7160}.RobB|Mixed Platforms.Build.0 = Release|Any CPU
		{E7B3C9DB-D59C-4405-B016-6C8B7D0B7160}.RobB|x86.ActiveCfg = Release|Any CPU
		{E7B3C9DB-D59C-4405-B016-6C8B7D0B7160}.RobH|Any CPU.ActiveCfg = Release|Any CPU
		{E7B3C9DB-D59C-4405-B016-6C8B7D0B7160}.RobH|Any CPU.Build.0 = Release|Any CPU
		{E7B3C9DB-D59C-4405-B016-6C8B7D0B7160}.RobH|Mixed Platforms.ActiveCfg = Release|Any CPU
		{E7B3C9DB-D59C-4405-B016-6C8B7D0B7160}.RobH|Mixed Platforms.Build.0 = Release|Any CPU
		{E7B3C9DB-D59C-4405-B016-6C8B7D0B7160}.RobH|x86.ActiveCfg = Release|Any CPU
	EndGlobalSection
	GlobalSection(SolutionProperties) = preSolution
		HideSolutionNode = FALSE
	EndGlobalSection
	GlobalSection(NestedProjects) = preSolution
		{41C19231-42C4-43AC-AEF6-C129FCCA173B} = {A02C35D1-0AD2-459C-BEEF-EFF9F2663CAF}
		{0E93346A-0ABA-4ADA-B9A7-B3E29ECACC3F} = {A02C35D1-0AD2-459C-BEEF-EFF9F2663CAF}
	EndGlobalSection
	GlobalSection(ExtensibilityGlobals) = postSolution
		EnterpriseLibraryConfigurationToolBinariesPath = packages\Unity.2.1.505.0\lib\NET35;packages\Unity.Interception.2.1.505.0\lib\NET35;packages\EnterpriseLibrary.Common.5.0.505.0\lib\NET35;packages\EnterpriseLibrary.Logging.5.0.505.1\lib\NET35;packages\Unity.2.1.505.2\lib\NET35;packages\Unity.Interception.2.1.505.2\lib\NET35
	EndGlobalSection
EndGlobal
